
Microsoft Visual Studio Solution File, Format Version 12.00
# Visual Studio Version 16
VisualStudioVersion = 25.0.1703.3
MinimumVisualStudioVersion = 10.0.40219.1
Project("{FAE04EC0-301F-11D3-BF4B-00C04F79EFBC}") = "Project1", "Project1\Project1.csproj", "{AB43CCCB-E735-4623-B0B8-0F10C4A931EE}"
EndProject
Global
	GlobalSection(SolutionConfigurationPlatforms) = preSolution
		Debug|Any CPU = Debug|Any CPU
		Release|Any CPU = Release|Any CPU
	EndGlobalSection
	GlobalSection(ProjectConfigurationPlatforms) = postSolution
		{AB43CCCB-E735-4623-B0B8-0F10C4A931EE}.Debug|Any CPU.ActiveCfg = Debug|Any CPU
		{AB43CCCB-E735-4623-B0B8-0F10C4A931EE}.Debug|Any CPU.Build.0 = Debug|Any CPU
		{AB43CCCB-E735-4623-B0B8-0F10C4A931EE}.Release|Any CPU.ActiveCfg = Release|Any CPU
		{AB43CCCB-E735-4623-B0B8-0F10C4A931EE}.Release|Any CPU.Build.0 = Release|Any CPU
	EndGlobalSection
	GlobalSection(SolutionProperties) = preSolution
		HideSolutionNode = FALSE
	EndGlobalSection
	GlobalSection(ExtensibilityGlobals) = postSolution
		SolutionGuid = {5AAAAF74-06B3-4D19-BDC3-D25C77E8A252}
	EndGlobalSection
EndGlobal
